
Microsoft Visual Studio Solution File, Format Version 12.00
# Visual Studio 2013
VisualStudioVersion = 12.0.21005.1
MinimumVisualStudioVersion = 10.0.40219.1
Project("{FAE04EC0-301F-11D3-BF4B-00C04F79EFBC}") = "Valemobi", "Valemobi\Valemobi.csproj", "{2B260E1E-0F52-41DF-B5F2-A1C497B90374}"
EndProject
Global
	GlobalSection(SolutionConfigurationPlatforms) = preSolution
		Debug|Any CPU = Debug|Any CPU
		Release|Any CPU = Release|Any CPU
	EndGlobalSection
	GlobalSection(ProjectConfigurationPlatforms) = postSolution
		{2B260E1E-0F52-41DF-B5F2-A1C497B90374}.Debug|Any CPU.ActiveCfg = Debug|Any CPU
		{2B260E1E-0F52-41DF-B5F2-A1C497B90374}.Debug|Any CPU.Build.0 = Debug|Any CPU
		{2B260E1E-0F52-41DF-B5F2-A1C497B90374}.Release|Any CPU.ActiveCfg = Release|Any CPU
		{2B260E1E-0F52-41DF-B5F2-A1C497B90374}.Release|Any CPU.Build.0 = Release|Any CPU
	EndGlobalSection
	GlobalSection(SolutionProperties) = preSolution
		HideSolutionNode = FALSE
	EndGlobalSection
EndGlobal
